
Microsoft Visual Studio Solution File, Format Version 12.00
# Visual Studio Version 17
VisualStudioVersion = 17.8.34316.72
MinimumVisualStudioVersion = 10.0.40219.1
Project("{FAE04EC0-301F-11D3-BF4B-00C04F79EFBC}") = "CadastroPessoas", "CadastroPessoas\CadastroPessoas.csproj", "{8C02BDB4-57AD-4CA0-A80C-1433E5ECB2F4}"
EndProject
Global
	GlobalSection(SolutionConfigurationPlatforms) = preSolution
		Debug|Any CPU = Debug|Any CPU
		Release|Any CPU = Release|Any CPU
	EndGlobalSection
	GlobalSection(ProjectConfigurationPlatforms) = postSolution
		{8C02BDB4-57AD-4CA0-A80C-1433E5ECB2F4}.Debug|Any CPU.ActiveCfg = Debug|Any CPU
		{8C02BDB4-57AD-4CA0-A80C-1433E5ECB2F4}.Debug|Any CPU.Build.0 = Debug|Any CPU
		{8C02BDB4-57AD-4CA0-A80C-1433E5ECB2F4}.Release|Any CPU.ActiveCfg = Release|Any CPU
		{8C02BDB4-57AD-4CA0-A80C-1433E5ECB2F4}.Release|Any CPU.Build.0 = Release|Any CPU
	EndGlobalSection
	GlobalSection(SolutionProperties) = preSolution
		HideSolutionNode = FALSE
	EndGlobalSection
	GlobalSection(ExtensibilityGlobals) = postSolution
		SolutionGuid = {6EF77B64-FA78-4EBC-B158-9004D7CF2BBC}
	EndGlobalSection
EndGlobal
